
Microsoft Visual Studio Solution File, Format Version 12.00
# Visual Studio Version 16
VisualStudioVersion = 16.0.31702.278
MinimumVisualStudioVersion = 10.0.40219.1
Project("{9A19103F-16F7-4668-BE54-9A1E7A4F7556}") = "Detran.Api", "Detran.Api\Detran.Api.csproj", "{1EDCE11F-73C5-4322-ACD9-0B632750D384}"
EndProject
Project("{9A19103F-16F7-4668-BE54-9A1E7A4F7556}") = "Detran.Infrastructure", "Detran.Infrastructure\Detran.Infrastructure.csproj", "{0CECA7EC-7361-4A9F-9535-29E8B772526C}"
EndProject
Project("{FAE04EC0-301F-11D3-BF4B-00C04F79EFBC}") = "Detran.Domain", "Detran.Domain\Detran.Domain.csproj", "{25C1ADFD-3908-4D23-8DD2-F7196F4B718D}"
EndProject
Project("{FAE04EC0-301F-11D3-BF4B-00C04F79EFBC}") = "Detran.Shared", "Detran.Shared\Detran.Shared.csproj", "{317B2F52-A9F5-48E7-88EB-54405AB77863}"
EndProject
Global
	GlobalSection(SolutionConfigurationPlatforms) = preSolution
		Debug|Any CPU = Debug|Any CPU
		Release|Any CPU = Release|Any CPU
	EndGlobalSection
	GlobalSection(ProjectConfigurationPlatforms) = postSolution
		{1EDCE11F-73C5-4322-ACD9-0B632750D384}.Debug|Any CPU.ActiveCfg = Debug|Any CPU
		{1EDCE11F-73C5-4322-ACD9-0B632750D384}.Debug|Any CPU.Build.0 = Debug|Any CPU
		{1EDCE11F-73C5-4322-ACD9-0B632750D384}.Release|Any CPU.ActiveCfg = Release|Any CPU
		{1EDCE11F-73C5-4322-ACD9-0B632750D384}.Release|Any CPU.Build.0 = Release|Any CPU
		{0CECA7EC-7361-4A9F-9535-29E8B772526C}.Debug|Any CPU.ActiveCfg = Debug|Any CPU
		{0CECA7EC-7361-4A9F-9535-29E8B772526C}.Debug|Any CPU.Build.0 = Debug|Any CPU
		{0CECA7EC-7361-4A9F-9535-29E8B772526C}.Release|Any CPU.ActiveCfg = Release|Any CPU
		{0CECA7EC-7361-4A9F-9535-29E8B772526C}.Release|Any CPU.Build.0 = Release|Any CPU
		{25C1ADFD-3908-4D23-8DD2-F7196F4B718D}.Debug|Any CPU.ActiveCfg = Debug|Any CPU
		{25C1ADFD-3908-4D23-8DD2-F7196F4B718D}.Debug|Any CPU.Build.0 = Debug|Any CPU
		{25C1ADFD-3908-4D23-8DD2-F7196F4B718D}.Release|Any CPU.ActiveCfg = Release|Any CPU
		{25C1ADFD-3908-4D23-8DD2-F7196F4B718D}.Release|Any CPU.Build.0 = Release|Any CPU
		{317B2F52-A9F5-48E7-88EB-54405AB77863}.Debug|Any CPU.ActiveCfg = Debug|Any CPU
		{317B2F52-A9F5-48E7-88EB-54405AB77863}.Debug|Any CPU.Build.0 = Debug|Any CPU
		{317B2F52-A9F5-48E7-88EB-54405AB77863}.Release|Any CPU.ActiveCfg = Release|Any CPU
		{317B2F52-A9F5-48E7-88EB-54405AB77863}.Release|Any CPU.Build.0 = Release|Any CPU
	EndGlobalSection
	GlobalSection(SolutionProperties) = preSolution
		HideSolutionNode = FALSE
	EndGlobalSection
	GlobalSection(ExtensibilityGlobals) = postSolution
		SolutionGuid = {3745F934-4B24-42C4-A41A-79E766C05347}
	EndGlobalSection
EndGlobal
